// !$*UTF8*$!
{
	archiveVersion = 1;
	classes = {
	};
	objectVersion = 48;
	objects = {

/* Begin PBXBuildFile section */
		E0FF48F51FA9827500EAC095 /* AppDelegate.swift in Sources */ = {isa = PBXBuildFile; fileRef = E0FF48F41FA9827500EAC095 /* AppDelegate.swift */; };
		E0FF48F71FA9827500EAC095 /* ViewController.swift in Sources */ = {isa = PBXBuildFile; fileRef = E0FF48F61FA9827500EAC095 /* ViewController.swift */; };
		E0FF48FA1FA9827500EAC095 /* Main.storyboard in Resources */ = {isa = PBXBuildFile; fileRef = E0FF48F81FA9827500EAC095 /* Main.storyboard */; };
		E0FF48FC1FA9827500EAC095 /* Assets.xcassets in Resources */ = {isa = PBXBuildFile; fileRef = E0FF48FB1FA9827500EAC095 /* Assets.xcassets */; };
		E0FF48FF1FA9827500EAC095 /* LaunchScreen.storyboard in Resources */ = {isa = PBXBuildFile; fileRef = E0FF48FD1FA9827500EAC095 /* LaunchScreen.storyboard */; };
		E0FF490A1FA9827500EAC095 /* ios_localise_demoTests.swift in Sources */ = {isa = PBXBuildFile; fileRef = E0FF49091FA9827500EAC095 /* ios_localise_demoTests.swift */; };
		E0FF49161FA9834F00EAC095 /* Localizable.strings in Resources */ = {isa = PBXBuildFile; fileRef = E0FF49181FA9834F00EAC095 /* Localizable.strings */; };
/* End PBXBuildFile section */

/* Begin PBXContainerItemProxy section */
		E0FF49061FA9827500EAC095 /* PBXContainerItemProxy */ = {
			isa = PBXContainerItemProxy;
			containerPortal = E0FF48E91FA9827500EAC095 /* Project object */;
			proxyType = 1;
			remoteGlobalIDString = E0FF48F01FA9827500EAC095;
			remoteInfo = ios_localise_demo;
		};
/* End PBXContainerItemProxy section */

/* Begin PBXFileReference section */
		E0FF48F11FA9827500EAC095 /* ios_localise_demo.app */ = {isa = PBXFileReference; explicitFileType = wrapper.application; includeInIndex = 0; path = ios_localise_demo.app; sourceTree = BUILT_PRODUCTS_DIR; };
		E0FF48F41FA9827500EAC095 /* AppDelegate.swift */ = {isa = PBXFileReference; lastKnownFileType = sourcecode.swift; path = AppDelegate.swift; sourceTree = "<group>"; };
		E0FF48F61FA9827500EAC095 /* ViewController.swift */ = {isa = PBXFileReference; lastKnownFileType = sourcecode.swift; path = ViewController.swift; sourceTree = "<group>"; };
		E0FF48F91FA9827500EAC095 /* Base */ = {isa = PBXFileReference; lastKnownFileType = file.storyboard; name = Base; path = Base.lproj/Main.storyboard; sourceTree = "<group>"; };
		E0FF48FB1FA9827500EAC095 /* Assets.xcassets */ = {isa = PBXFileReference; lastKnownFileType = folder.assetcatalog; path = Assets.xcassets; sourceTree = "<group>"; };
		E0FF48FE1FA9827500EAC095 /* Base */ = {isa = PBXFileReference; lastKnownFileType = file.storyboard; name = Base; path = Base.lproj/LaunchScreen.storyboard; sourceTree = "<group>"; };
		E0FF49001FA9827500EAC095 /* Info.plist */ = {isa = PBXFileReference; lastKnownFileType = text.plist.xml; path = Info.plist; sourceTree = "<group>"; };
		E0FF49051FA9827500EAC095 /* ios_localise_demoTests.xctest */ = {isa = PBXFileReference; explicitFileType = wrapper.cfbundle; includeInIndex = 0; path = ios_localise_demoTests.xctest; sourceTree = BUILT_PRODUCTS_DIR; };
		E0FF49091FA9827500EAC095 /* ios_localise_demoTests.swift */ = {isa = PBXFileReference; lastKnownFileType = sourcecode.swift; path = ios_localise_demoTests.swift; sourceTree = "<group>"; };
		E0FF490B1FA9827500EAC095 /* Info.plist */ = {isa = PBXFileReference; lastKnownFileType = text.plist.xml; path = Info.plist; sourceTree = "<group>"; };
		E0FF49171FA9834F00EAC095 /* en */ = {isa = PBXFileReference; lastKnownFileType = text.plist.strings; name = en; path = en.lproj/Localizable.strings; sourceTree = "<group>"; };
		E0FF49191FA983B500EAC095 /* ja */ = {isa = PBXFileReference; lastKnownFileType = text.plist.strings; name = ja; path = ja.lproj/Localizable.strings; sourceTree = "<group>"; };
/* End PBXFileReference section */

/* Begin PBXFrameworksBuildPhase section */
		E0FF48EE1FA9827500EAC095 /* Frameworks */ = {
			isa = PBXFrameworksBuildPhase;
			buildActionMask = 2147483647;
			files = (
			);
			runOnlyForDeploymentPostprocessing = 0;
		};
		E0FF49021FA9827500EAC095 /* Frameworks */ = {
			isa = PBXFrameworksBuildPhase;
			buildActionMask = 2147483647;
			files = (
			);
			runOnlyForDeploymentPostprocessing = 0;
		};
/* End PBXFrameworksBuildPhase section */

/* Begin PBXGroup section */
		E0FF48E81FA9827500EAC095 = {
			isa = PBXGroup;
			children = (
				E0FF48F31FA9827500EAC095 /* ios_localise_demo */,
				E0FF49081FA9827500EAC095 /* ios_localise_demoTests */,
				E0FF48F21FA9827500EAC095 /* Products */,
			);
			sourceTree = "<group>";
		};
		E0FF48F21FA9827500EAC095 /* Products */ = {
			isa = PBXGroup;
			children = (
				E0FF48F11FA9827500EAC095 /* ios_localise_demo.app */,
				E0FF49051FA9827500EAC095 /* ios_localise_demoTests.xctest */,
			);
			name = Products;
			sourceTree = "<group>";
		};
		E0FF48F31FA9827500EAC095 /* ios_localise_demo */ = {
			isa = PBXGroup;
			children = (
				E0FF48F41FA9827500EAC095 /* AppDelegate.swift */,
				E0FF48F61FA9827500EAC095 /* ViewController.swift */,
				E0FF49181FA9834F00EAC095 /* Localizable.strings */,
				E0FF48F81FA9827500EAC095 /* Main.storyboard */,
				E0FF48FB1FA9827500EAC095 /* Assets.xcassets */,
				E0FF48FD1FA9827500EAC095 /* LaunchScreen.storyboard */,
				E0FF49001FA9827500EAC095 /* Info.plist */,
			);
			path = ios_localise_demo;
			sourceTree = "<group>";
		};
		E0FF49081FA9827500EAC095 /* ios_localise_demoTests */ = {
			isa = PBXGroup;
			children = (
				E0FF49091FA9827500EAC095 /* ios_localise_demoTests.swift */,
				E0FF490B1FA9827500EAC095 /* Info.plist */,
			);
			path = ios_localise_demoTests;
			sourceTree = "<group>";
		};
/* End PBXGroup section */

/* Begin PBXNativeTarget section */
		E0FF48F01FA9827500EAC095 /* ios_localise_demo */ = {
			isa = PBXNativeTarget;
			buildConfigurationList = E0FF490E1FA9827500EAC095 /* Build configuration list for PBXNativeTarget "ios_localise_demo" */;
			buildPhases = (
				E0FF48ED1FA9827500EAC095 /* Sources */,
				E0FF48EE1FA9827500EAC095 /* Frameworks */,
				E0FF48EF1FA9827500EAC095 /* Resources */,
			);
			buildRules = (
			);
			dependencies = (
			);
			name = ios_localise_demo;
			productName = ios_localise_demo;
			productReference = E0FF48F11FA9827500EAC095 /* ios_localise_demo.app */;
			productType = "com.apple.product-type.application";
		};
		E0FF49041FA9827500EAC095 /* ios_localise_demoTests */ = {
			isa = PBXNativeTarget;
			buildConfigurationList = E0FF49111FA9827500EAC095 /* Build configuration list for PBXNativeTarget "ios_localise_demoTests" */;
			buildPhases = (
				E0FF49011FA9827500EAC095 /* Sources */,
				E0FF49021FA9827500EAC095 /* Frameworks */,
				E0FF49031FA9827500EAC095 /* Resources */,
			);
			buildRules = (
			);
			dependencies = (
				E0FF49071FA9827500EAC095 /* PBXTargetDependency */,
			);
			name = ios_localise_demoTests;
			productName = ios_localise_demoTests;
			productReference = E0FF49051FA9827500EAC095 /* ios_localise_demoTests.xctest */;
			productType = "com.apple.product-type.bundle.unit-test";
		};
/* End PBXNativeTarget section */

/* Begin PBXProject section */
		E0FF48E91FA9827500EAC095 /* Project object */ = {
			isa = PBXProject;
			attributes = {
				LastSwiftUpdateCheck = 0910;
				LastUpgradeCheck = 0910;
				ORGANIZATIONNAME = SundayCarpenter;
				TargetAttributes = {
					E0FF48F01FA9827500EAC095 = {
						CreatedOnToolsVersion = 9.1;
						ProvisioningStyle = Automatic;
					};
					E0FF49041FA9827500EAC095 = {
						CreatedOnToolsVersion = 9.1;
						ProvisioningStyle = Automatic;
						TestTargetID = E0FF48F01FA9827500EAC095;
					};
				};
			};
			buildConfigurationList = E0FF48EC1FA9827500EAC095 /* Build configuration list for PBXProject "ios_localise_demo" */;
			compatibilityVersion = "Xcode 8.0";
			developmentRegion = en;
			hasScannedForEncodings = 0;
			knownRegions = (
				en,
				Base,
				ja,
			);
			mainGroup = E0FF48E81FA9827500EAC095;
			productRefGroup = E0FF48F21FA9827500EAC095 /* Products */;
			projectDirPath = "";
			projectRoot = "";
			targets = (
				E0FF48F01FA9827500EAC095 /* ios_localise_demo */,
				E0FF49041FA9827500EAC095 /* ios_localise_demoTests */,
			);
		};
/* End PBXProject section */

/* Begin PBXResourcesBuildPhase section */
		E0FF48EF1FA9827500EAC095 /* Resources */ = {
			isa = PBXResourcesBuildPhase;
			buildActionMask = 2147483647;
			files = (
				E0FF48FF1FA9827500EAC095 /* LaunchScreen.storyboard in Resources */,
				E0FF49161FA9834F00EAC095 /* Localizable.strings in Resources */,
				E0FF48FC1FA9827500EAC095 /* Assets.xcassets in Resources */,
				E0FF48FA1FA9827500EAC095 /* Main.storyboard in Resources */,
			);
			runOnlyForDeploymentPostprocessing = 0;
		};
		E0FF49031FA9827500EAC095 /* Resources */ = {
			isa = PBXResourcesBuildPhase;
			buildActionMask = 2147483647;
			files = (
			);
			runOnlyForDeploymentPostprocessing = 0;
		};
/* End PBXResourcesBuildPhase section */

/* Begin PBXSourcesBuildPhase section */
		E0FF48ED1FA9827500EAC095 /* Sources */ = {
			isa = PBXSourcesBuildPhase;
			buildActionMask = 2147483647;
			files = (
				E0FF48F71FA9827500EAC095 /* ViewController.swift in Sources */,
				E0FF48F51FA9827500EAC095 /* AppDelegate.swift in Sources */,
			);
			runOnlyForDeploymentPostprocessing = 0;
		};
		E0FF49011FA9827500EAC095 /* Sources */ = {
			isa = PBXSourcesBuildPhase;
			buildActionMask = 2147483647;
			files = (
				E0FF490A1FA9827500EAC095 /* ios_localise_demoTests.swift in Sources */,
			);
			runOnlyForDeploymentPostprocessing = 0;
		};
/* End PBXSourcesBuildPhase section */

/* Begin PBXTargetDependency section */
		E0FF49071FA9827500EAC095 /* PBXTargetDependency */ = {
			isa = PBXTargetDependency;
			target = E0FF48F01FA9827500EAC095 /* ios_localise_demo */;
			targetProxy = E0FF49061FA9827500EAC095 /* PBXContainerItemProxy */;
		};
/* End PBXTargetDependency section */

/* Begin PBXVariantGroup section */
		E0FF48F81FA9827500EAC095 /* Main.storyboard */ = {
			isa = PBXVariantGroup;
			children = (
				E0FF48F91FA9827500EAC095 /* Base */,
			);
			name = Main.storyboard;
			sourceTree = "<group>";
		};
		E0FF48FD1FA9827500EAC095 /* LaunchScreen.storyboard */ = {
			isa = PBXVariantGroup;
			children = (
				E0FF48FE1FA9827500EAC095 /* Base */,
			);
			name = LaunchScreen.storyboard;
			sourceTree = "<group>";
		};
		E0FF49181FA9834F00EAC095 /* Localizable.strings */ = {
			isa = PBXVariantGroup;
			children = (
				E0FF49171FA9834F00EAC095 /* en */,
				E0FF49191FA983B500EAC095 /* ja */,
			);
			name = Localizable.strings;
			sourceTree = "<group>";
		};
/* End PBXVariantGroup section */

/* Begin XCBuildConfiguration section */
		E0FF490C1FA9827500EAC095 /* Debug */ = {
			isa = XCBuildConfiguration;
			buildSettings = {
				ALWAYS_SEARCH_USER_PATHS = NO;
				CLANG_ANALYZER_LOCALIZABILITY_NONLOCALIZED = YES;
				CLANG_ANALYZER_NONNULL = YES;
				CLANG_ANALYZER_NUMBER_OBJECT_CONVERSION = YES_AGGRESSIVE;
				CLANG_CXX_LANGUAGE_STANDARD = "gnu++14";
				CLANG_CXX_LIBRARY = "libc++";
				CLANG_ENABLE_MODULES = YES;
				CLANG_ENABLE_OBJC_ARC = YES;
				CLANG_WARN_BLOCK_CAPTURE_AUTORELEASING = YES;
				CLANG_WARN_BOOL_CONVERSION = YES;
				CLANG_WARN_COMMA = YES;
				CLANG_WARN_CONSTANT_CONVERSION = YES;
				CLANG_WARN_DIRECT_OBJC_ISA_USAGE = YES_ERROR;
				CLANG_WARN_DOCUMENTATION_COMMENTS = YES;
				CLANG_WARN_EMPTY_BODY = YES;
				CLANG_WARN_ENUM_CONVERSION = YES;
				CLANG_WARN_INFINITE_RECURSION = YES;
				CLANG_WARN_INT_CONVERSION = YES;
				CLANG_WARN_NON_LITERAL_NULL_CONVERSION = YES;
				CLANG_WARN_OBJC_LITERAL_CONVERSION = YES;
				CLANG_WARN_OBJC_ROOT_CLASS = YES_ERROR;
				CLANG_WARN_RANGE_LOOP_ANALYSIS = YES;
				CLANG_WARN_STRICT_PROTOTYPES = YES;
				CLANG_WARN_SUSPICIOUS_MOVE = YES;
				CLANG_WARN_UNGUARDED_AVAILABILITY = YES_AGGRESSIVE;
				CLANG_WARN_UNREACHABLE_CODE = YES;
				CLANG_WARN__DUPLICATE_METHOD_MATCH = YES;
				CODE_SIGN_IDENTITY = "iPhone Developer";
				COPY_PHASE_STRIP = NO;
				DEBUG_INFORMATION_FORMAT = dwarf;
				ENABLE_STRICT_OBJC_MSGSEND = YES;
				ENABLE_TESTABILITY = YES;
				GCC_C_LANGUAGE_STANDARD = gnu11;
				GCC_DYNAMIC_NO_PIC = NO;
				GCC_NO_COMMON_BLOCKS = YES;
				GCC_OPTIMIZATION_LEVEL = 0;
				GCC_PREPROCESSOR_DEFINITIONS = (
					"DEBUG=1",
					"$(inherited)",
				);
				GCC_WARN_64_TO_32_BIT_CONVERSION = YES;
				GCC_WARN_ABOUT_RETURN_TYPE = YES_ERROR;
				GCC_WARN_UNDECLARED_SELECTOR = YES;
				GCC_WARN_UNINITIALIZED_AUTOS = YES_AGGRESSIVE;
				GCC_WARN_UNUSED_FUNCTION = YES;
				GCC_WARN_UNUSED_VARIABLE = YES;
				IPHONEOS_DEPLOYMENT_TARGET = 11.1;
				MTL_ENABLE_DEBUG_INFO = YES;
				ONLY_ACTIVE_ARCH = YES;
				SDKROOT = iphoneos;
				SWIFT_ACTIVE_COMPILATION_CONDITIONS = DEBUG;
				SWIFT_OPTIMIZATION_LEVEL = "-Onone";
			};
			name = Debug;
		};
		E0FF490D1FA9827500EAC095 /* Release */ = {
			isa = XCBuildConfiguration;
			buildSettings = {
				ALWAYS_SEARCH_USER_PATHS = NO;
				CLANG_ANALYZER_LOCALIZABILITY_NONLOCALIZED = YES;
				CLANG_ANALYZER_NONNULL = YES;
				CLANG_ANALYZER_NUMBER_OBJECT_CONVERSION = YES_AGGRESSIVE;
				CLANG_CXX_LANGUAGE_STANDARD = "gnu++14";
				CLANG_CXX_LIBRARY = "libc++";
				CLANG_ENABLE_MODULES = YES;
				CLANG_ENABLE_OBJC_ARC = YES;
				CLANG_WARN_BLOCK_CAPTURE_AUTORELEASING = YES;
				CLANG_WARN_BOOL_CONVERSION = YES;
				CLANG_WARN_COMMA = YES;
				CLANG_WARN_CONSTANT_CONVERSION = YES;
				CLANG_WARN_DIRECT_OBJC_ISA_USAGE = YES_ERROR;
				CLANG_WARN_DOCUMENTATION_COMMENTS = YES;
				CLANG_WARN_EMPTY_BODY = YES;
				CLANG_WARN_ENUM_CONVERSION = YES;
				CLANG_WARN_INFINITE_RECURSION = YES;
				CLANG_WARN_INT_CONVERSION = YES;
				CLANG_WARN_NON_LITERAL_NULL_CONVERSION = YES;
				CLANG_WARN_OBJC_LITERAL_CONVERSION = YES;
				CLANG_WARN_OBJC_ROOT_CLASS = YES_ERROR;
				CLANG_WARN_RANGE_LOOP_ANALYSIS = YES;
				CLANG_WARN_STRICT_PROTOTYPES = YES;
				CLANG_WARN_SUSPICIOUS_MOVE = YES;
				CLANG_WARN_UNGUARDED_AVAILABILITY = YES_AGGRESSIVE;
				CLANG_WARN_UNREACHABLE_CODE = YES;
				CLANG_WARN__DUPLICATE_METHOD_MATCH = YES;
				CODE_SIGN_IDENTITY = "iPhone Developer";
				COPY_PHASE_STRIP = NO;
				DEBUG_INFORMATION_FORMAT = "dwarf-with-dsym";
				ENABLE_NS_ASSERTIONS = NO;
				ENABLE_STRICT_OBJC_MSGSEND = YES;
				GCC_C_LANGUAGE_STANDARD = gnu11;
				GCC_NO_COMMON_BLOCKS = YES;
				GCC_WARN_64_TO_32_BIT_CONVERSION = YES;
				GCC_WARN_ABOUT_RETURN_TYPE = YES_ERROR;
				GCC_WARN_UNDECLARED_SELECTOR = YES;
				GCC_WARN_UNINITIALIZED_AUTOS = YES_AGGRESSIVE;
				GCC_WARN_UNUSED_FUNCTION = YES;
				GCC_WARN_UNUSED_VARIABLE = YES;
				IPHONEOS_DEPLOYMENT_TARGET = 11.1;
				MTL_ENABLE_DEBUG_INFO = NO;
				SDKROOT = iphoneos;
				SWIFT_OPTIMIZATION_LEVEL = "-Owholemodule";
				VALIDATE_PRODUCT = YES;
			};
			name = Release;
		};
		E0FF490F1FA9827500EAC095 /* Debug */ = {
			isa = XCBuildConfiguration;
			buildSettings = {
				ASSETCATALOG_COMPILER_APPICON_NAME = AppIcon;
				CODE_SIGN_STYLE = Automatic;
				DEVELOPMENT_TEAM = KE8PEF6922;
				INFOPLIST_FILE = ios_localise_demo/Info.plist;
				LD_RUNPATH_SEARCH_PATHS = "$(inherited) @executable_path/Frameworks";
				PRODUCT_BUNDLE_IDENTIFIER = "com.sundaycarpenter.ios-localise-demo";
				PRODUCT_NAME = "$(TARGET_NAME)";
				SWIFT_VERSION = 4.0;
				TARGETED_DEVICE_FAMILY = "1,2";
			};
			name = Debug;
		};
		E0FF49101FA9827500EAC095 /* Release */ = {
			isa = XCBuildConfiguration;
			buildSettings = {
				ASSETCATALOG_COMPILER_APPICON_NAME = AppIcon;
				CODE_SIGN_STYLE = Automatic;
				DEVELOPMENT_TEAM = KE8PEF6922;
				INFOPLIST_FILE = ios_localise_demo/Info.plist;
				LD_RUNPATH_SEARCH_PATHS = "$(inherited) @executable_path/Frameworks";
				PRODUCT_BUNDLE_IDENTIFIER = "com.sundaycarpenter.ios-localise-demo";
				PRODUCT_NAME = "$(TARGET_NAME)";
				SWIFT_VERSION = 4.0;
				TARGETED_DEVICE_FAMILY = "1,2";
			};
			name = Release;
		};
		E0FF49121FA9827500EAC095 /* Debug */ = {
			isa = XCBuildConfiguration;
			buildSettings = {
				ALWAYS_EMBED_SWIFT_STANDARD_LIBRARIES = YES;
				BUNDLE_LOADER = "$(TEST_HOST)";
				CODE_SIGN_STYLE = Automatic;
				DEVELOPMENT_TEAM = KE8PEF6922;
				INFOPLIST_FILE = ios_localise_demoTests/Info.plist;
				LD_RUNPATH_SEARCH_PATHS = "$(inherited) @executable_path/Frameworks @loader_path/Frameworks";
				PRODUCT_BUNDLE_IDENTIFIER = "com.sundaycarpenter.ios-localise-demoTests";
				PRODUCT_NAME = "$(TARGET_NAME)";
				SWIFT_VERSION = 4.0;
				TARGETED_DEVICE_FAMILY = "1,2";
				TEST_HOST = "$(BUILT_PRODUCTS_DIR)/ios_localise_demo.app/ios_localise_demo";
			};
			name = Debug;
		};
		E0FF49131FA9827500EAC095 /* Release */ = {
			isa = XCBuildConfiguration;
			buildSettings = {
				ALWAYS_EMBED_SWIFT_STANDARD_LIBRARIES = YES;
				BUNDLE_LOADER = "$(TEST_HOST)";
				CODE_SIGN_STYLE = Automatic;
				DEVELOPMENT_TEAM = KE8PEF6922;
				INFOPLIST_FILE = ios_localise_demoTests/Info.plist;
				LD_RUNPATH_SEARCH_PATHS = "$(inherited) @executable_path/Frameworks @loader_path/Frameworks";
				PRODUCT_BUNDLE_IDENTIFIER = "com.sundaycarpenter.ios-localise-demoTests";
				PRODUCT_NAME = "$(TARGET_NAME)";
				SWIFT_VERSION = 4.0;
				TARGETED_DEVICE_FAMILY = "1,2";
				TEST_HOST = "$(BUILT_PRODUCTS_DIR)/ios_localise_demo.app/ios_localise_demo";
			};
			name = Release;
		};
/* End XCBuildConfiguration section */

/* Begin XCConfigurationList section */
		E0FF48EC1FA9827500EAC095 /* Build configuration list for PBXProject "ios_localise_demo" */ = {
			isa = XCConfigurationList;
			buildConfigurations = (
				E0FF490C1FA9827500EAC095 /* Debug */,
				E0FF490D1FA9827500EAC095 /* Release */,
			);
			defaultConfigurationIsVisible = 0;
			defaultConfigurationName = Release;
		};
		E0FF490E1FA9827500EAC095 /* Build configuration list for PBXNativeTarget "ios_localise_demo" */ = {
			isa = XCConfigurationList;
			buildConfigurations = (
				E0FF490F1FA9827500EAC095 /* Debug */,
				E0FF49101FA9827500EAC095 /* Release */,
			);
			defaultConfigurationIsVisible = 0;
			defaultConfigurationName = Release;
		};
		E0FF49111FA9827500EAC095 /* Build configuration list for PBXNativeTarget "ios_localise_demoTests" */ = {
			isa = XCConfigurationList;
			buildConfigurations = (
				E0FF49121FA9827500EAC095 /* Debug */,
				E0FF49131FA9827500EAC095 /* Release */,
			);
			defaultConfigurationIsVisible = 0;
			defaultConfigurationName = Release;
		};
/* End XCConfigurationList section */
	};
	rootObject = E0FF48E91FA9827500EAC095 /* Project object */;
}
